<?xml version="1.0" encoding="utf-8"?>
<Project ToolsVersion="4.0" xmlns="http://schemas.microsoft.com/developer/msbuild/2003">
  <ItemGroup>
    <Filter Include="Source Files">
      <UniqueIdentifier>{4FC737F1-C7A5-4376-A066-2A32D752A2FF}</UniqueIdentifier>
      <Extensions>cpp;c;cc;cxx;def;odl;idl;hpj;bat;asm;asmx</Extensions>
    </Filter>
    <Filter Include="Header Files">
      <UniqueIdentifier>{93995380-89BD-4b04-88EB-625FBE52EBFB}</UniqueIdentifier>
      <Extensions>h;hpp;hxx;hm;inl;inc;xsd</Extensions>
    </Filter>
    <Filter Include="Resource Files">
      <UniqueIdentifier>{67DA6AB6-F800-4c08-8B7A-83BB121AAD01}</UniqueIdentifier>
      <Extensions>rc;ico;cur;bmp;dlg;rc2;rct;bin;rgs;gif;jpg;jpeg;jpe;resx;tiff;tif;png;wav;mfcribbon-ms</Extensions>
    </Filter>
  </ItemGroup>
  <ItemGroup>
    <ClInclude Include="sgp4ext.h">
      <Filter>Header Files</Filter>
    </ClInclude>
    <ClInclude Include="sgp4unit.h">
      <Filter>Header Files</Filter>
    </ClInclude>
    <ClInclude Include="SpaceObject.h">
      <Filter>Header Files</Filter>
    </ClInclude>
    <ClInclude Include="Conjunction.h">
      <Filter>Header Files</Filter>
    </ClInclude>
    <ClInclude Include="Simulation.h">
      <Filter>Header Files</Filter>
    </ClInclude>
    <ClInclude Include="FatalError.h">
      <Filter>Header Files</Filter>
    </ClInclude>
    <ClInclude Include="VectorOperations.h">
      <Filter>Header Files</Filter>
    </ClInclude>
    <ClInclude Include="dsyevc3.h">
      <Filter>Header Files</Filter>
    </ClInclude>
    <ClInclude Include="dsyevv3.h">
      <Filter>Header Files</Filter>
    </ClInclude>
    <ClInclude Include="ExternalSpaceObject.h">
      <Filter>Header Files</Filter>
    </ClInclude>
    <ClInclude Include="MathWarning.h">
      <Filter>Header Files</Filter>
    </ClInclude>
  </ItemGroup>
  <ItemGroup>
    <ClCompile Include="sgp4ext.cpp">
      <Filter>Source Files</Filter>
    </ClCompile>
    <ClCompile Include="sgp4unit.cpp">
      <Filter>Source Files</Filter>
    </ClCompile>
    <ClCompile Include="SpaceObject.cpp">
      <Filter>Source Files</Filter>
    </ClCompile>
    <ClCompile Include="main.cpp">
      <Filter>Source Files</Filter>
    </ClCompile>
    <ClCompile Include="Conjunction.cpp">
      <Filter>Source Files</Filter>
    </ClCompile>
    <ClCompile Include="Simulation.cpp">
      <Filter>Source Files</Filter>
    </ClCompile>
    <ClCompile Include="VectorOperations.cpp">
      <Filter>Source Files</Filter>
    </ClCompile>
    <ClCompile Include="dsyevc3.cpp">
      <Filter>Source Files</Filter>
    </ClCompile>
    <ClCompile Include="dsyevv3.cpp">
      <Filter>Source Files</Filter>
    </ClCompile>
    <ClCompile Include="ExternalSpaceObject.cpp">
      <Filter>Source Files</Filter>
    </ClCompile>
  </ItemGroup>
</Project>